
Microsoft Visual Studio Solution File, Format Version 12.00
# Visual Studio Version 16
VisualStudioVersion = 16.0.29728.190
MinimumVisualStudioVersion = 10.0.40219.1
Project("{FAE04EC0-301F-11D3-BF4B-00C04F79EFBC}") = "JN3D", "Procedural\JN3D.csproj", "{47EBAD24-10CB-4762-97C1-6E85BE9D9DEE}"
EndProject
Project("{D954291E-2A0B-460D-934E-DC6B0785DB48}") = "JNgine", "JNgine\JNgine.shproj", "{A0CDBD0E-3A41-42B7-9425-A838BC2C7383}"
EndProject
Project("{9A19103F-16F7-4668-BE54-9A1E7A4F7556}") = "Editor", "MonoGame.WpfCore\MonoGame.WpfCore\Editor.csproj", "{B78A4804-A3C7-425E-B7B0-6BE87156357C}"
EndProject
Global
	GlobalSection(SharedMSBuildProjectFiles) = preSolution
		JNgine\JNgine.projitems*{47ebad24-10cb-4762-97c1-6e85be9d9dee}*SharedItemsImports = 4
		JNgine\JNgine.projitems*{a0cdbd0e-3a41-42b7-9425-a838bc2c7383}*SharedItemsImports = 13
	EndGlobalSection
	GlobalSection(SolutionConfigurationPlatforms) = preSolution
		Debug|Any CPU = Debug|Any CPU
		Release|Any CPU = Release|Any CPU
	EndGlobalSection
	GlobalSection(ProjectConfigurationPlatforms) = postSolution
		{47EBAD24-10CB-4762-97C1-6E85BE9D9DEE}.Debug|Any CPU.ActiveCfg = Debug|Any CPU
		{47EBAD24-10CB-4762-97C1-6E85BE9D9DEE}.Debug|Any CPU.Build.0 = Debug|Any CPU
		{47EBAD24-10CB-4762-97C1-6E85BE9D9DEE}.Release|Any CPU.ActiveCfg = Release|Any CPU
		{47EBAD24-10CB-4762-97C1-6E85BE9D9DEE}.Release|Any CPU.Build.0 = Release|Any CPU
		{B78A4804-A3C7-425E-B7B0-6BE87156357C}.Debug|Any CPU.ActiveCfg = Debug|Any CPU
		{B78A4804-A3C7-425E-B7B0-6BE87156357C}.Debug|Any CPU.Build.0 = Debug|Any CPU
		{B78A4804-A3C7-425E-B7B0-6BE87156357C}.Release|Any CPU.ActiveCfg = Release|Any CPU
		{B78A4804-A3C7-425E-B7B0-6BE87156357C}.Release|Any CPU.Build.0 = Release|Any CPU
	EndGlobalSection
	GlobalSection(SolutionProperties) = preSolution
		HideSolutionNode = FALSE
	EndGlobalSection
	GlobalSection(ExtensibilityGlobals) = postSolution
		SolutionGuid = {855BF556-D9AA-4E3F-8A3F-994D800EE503}
	EndGlobalSection
EndGlobal
